
Microsoft Visual Studio Solution File, Format Version 12.00
# Visual Studio Version 17
VisualStudioVersion = 17.1.32328.378
MinimumVisualStudioVersion = 10.0.40219.1
Project("{FAE04EC0-301F-11D3-BF4B-00C04F79EFBC}") = "MVCSTOK", "MVCSTOK\MVCSTOK.csproj", "{38857B53-B939-4DA7-A005-8A08DF2D09B7}"
EndProject
Global
	GlobalSection(SolutionConfigurationPlatforms) = preSolution
		Debug|Any CPU = Debug|Any CPU
		Release|Any CPU = Release|Any CPU
	EndGlobalSection
	GlobalSection(ProjectConfigurationPlatforms) = postSolution
		{38857B53-B939-4DA7-A005-8A08DF2D09B7}.Debug|Any CPU.ActiveCfg = Debug|Any CPU
		{38857B53-B939-4DA7-A005-8A08DF2D09B7}.Debug|Any CPU.Build.0 = Debug|Any CPU
		{38857B53-B939-4DA7-A005-8A08DF2D09B7}.Release|Any CPU.ActiveCfg = Release|Any CPU
		{38857B53-B939-4DA7-A005-8A08DF2D09B7}.Release|Any CPU.Build.0 = Release|Any CPU
	EndGlobalSection
	GlobalSection(SolutionProperties) = preSolution
		HideSolutionNode = FALSE
	EndGlobalSection
	GlobalSection(ExtensibilityGlobals) = postSolution
		SolutionGuid = {9EA7C5D0-14FD-4318-A587-8923F3964D3E}
	EndGlobalSection
EndGlobal
